
Microsoft Visual Studio Solution File, Format Version 12.00
# Visual Studio 15
VisualStudioVersion = 15.0.27428.2037
MinimumVisualStudioVersion = 10.0.40219.1
Project("{FAE04EC0-301F-11D3-BF4B-00C04F79EFBC}") = "student", "student\student.csproj", "{230F544C-DAA0-411F-AAD1-B43F4B842602}"
EndProject
Global
	GlobalSection(SolutionConfigurationPlatforms) = preSolution
		Debug|Any CPU = Debug|Any CPU
		Release|Any CPU = Release|Any CPU
	EndGlobalSection
	GlobalSection(ProjectConfigurationPlatforms) = postSolution
		{230F544C-DAA0-411F-AAD1-B43F4B842602}.Debug|Any CPU.ActiveCfg = Debug|Any CPU
		{230F544C-DAA0-411F-AAD1-B43F4B842602}.Debug|Any CPU.Build.0 = Debug|Any CPU
		{230F544C-DAA0-411F-AAD1-B43F4B842602}.Release|Any CPU.ActiveCfg = Release|Any CPU
		{230F544C-DAA0-411F-AAD1-B43F4B842602}.Release|Any CPU.Build.0 = Release|Any CPU
	EndGlobalSection
	GlobalSection(SolutionProperties) = preSolution
		HideSolutionNode = FALSE
	EndGlobalSection
	GlobalSection(ExtensibilityGlobals) = postSolution
		SolutionGuid = {AA9E1089-F212-47A2-B9C4-309E0F4A1B34}
	EndGlobalSection
EndGlobal
